
Microsoft Visual Studio Solution File, Format Version 12.00
# Visual Studio 15
VisualStudioVersion = 15.0.26730.8
MinimumVisualStudioVersion = 10.0.40219.1
Project("{FAE04EC0-301F-11D3-BF4B-00C04F79EFBC}") = "Lab5", "Lab5\Lab5.csproj", "{974F6DFF-FE2F-4CC2-824F-5824F03F3EB8}"
EndProject
Global
	GlobalSection(SolutionConfigurationPlatforms) = preSolution
		Debug|Any CPU = Debug|Any CPU
		Release|Any CPU = Release|Any CPU
	EndGlobalSection
	GlobalSection(ProjectConfigurationPlatforms) = postSolution
		{974F6DFF-FE2F-4CC2-824F-5824F03F3EB8}.Debug|Any CPU.ActiveCfg = Debug|Any CPU
		{974F6DFF-FE2F-4CC2-824F-5824F03F3EB8}.Debug|Any CPU.Build.0 = Debug|Any CPU
		{974F6DFF-FE2F-4CC2-824F-5824F03F3EB8}.Release|Any CPU.ActiveCfg = Release|Any CPU
		{974F6DFF-FE2F-4CC2-824F-5824F03F3EB8}.Release|Any CPU.Build.0 = Release|Any CPU
	EndGlobalSection
	GlobalSection(SolutionProperties) = preSolution
		HideSolutionNode = FALSE
	EndGlobalSection
	GlobalSection(ExtensibilityGlobals) = postSolution
		SolutionGuid = {5528F0FA-6B3B-44AC-B8EA-4DC8B89EDB85}
	EndGlobalSection
EndGlobal
